
Microsoft Visual Studio Solution File, Format Version 12.00
# Visual Studio Version 16
VisualStudioVersion = 16.0.34729.46
MinimumVisualStudioVersion = 10.0.40219.1
Project("{FAE04EC0-301F-11D3-BF4B-00C04F79EFBC}") = "DangGiaCacSP", "DangGiaCacSP\DangGiaCacSP.csproj", "{CEDCF946-EDEB-4527-9C32-6422FD218586}"
EndProject
Global
	GlobalSection(SolutionConfigurationPlatforms) = preSolution
		Debug|Any CPU = Debug|Any CPU
		Release|Any CPU = Release|Any CPU
	EndGlobalSection
	GlobalSection(ProjectConfigurationPlatforms) = postSolution
		{CEDCF946-EDEB-4527-9C32-6422FD218586}.Debug|Any CPU.ActiveCfg = Debug|Any CPU
		{CEDCF946-EDEB-4527-9C32-6422FD218586}.Debug|Any CPU.Build.0 = Debug|Any CPU
		{CEDCF946-EDEB-4527-9C32-6422FD218586}.Release|Any CPU.ActiveCfg = Release|Any CPU
		{CEDCF946-EDEB-4527-9C32-6422FD218586}.Release|Any CPU.Build.0 = Release|Any CPU
	EndGlobalSection
	GlobalSection(SolutionProperties) = preSolution
		HideSolutionNode = FALSE
	EndGlobalSection
	GlobalSection(ExtensibilityGlobals) = postSolution
		SolutionGuid = {3A1FED29-637B-4487-A9FB-7C9F17A9ED65}
	EndGlobalSection
EndGlobal
