
Microsoft Visual Studio Solution File, Format Version 12.00
# Visual Studio Version 16
VisualStudioVersion = 16.0.34729.46
MinimumVisualStudioVersion = 10.0.40219.1
Project("{FAE04EC0-301F-11D3-BF4B-00C04F79EFBC}") = "DatHang", "ThanhToan\DatHang.csproj", "{6EB6937B-FB12-4E74-9276-C5DDBA70CF6A}"
EndProject
Global
	GlobalSection(SolutionConfigurationPlatforms) = preSolution
		Debug|Any CPU = Debug|Any CPU
		Release|Any CPU = Release|Any CPU
	EndGlobalSection
	GlobalSection(ProjectConfigurationPlatforms) = postSolution
		{6EB6937B-FB12-4E74-9276-C5DDBA70CF6A}.Debug|Any CPU.ActiveCfg = Debug|Any CPU
		{6EB6937B-FB12-4E74-9276-C5DDBA70CF6A}.Debug|Any CPU.Build.0 = Debug|Any CPU
		{6EB6937B-FB12-4E74-9276-C5DDBA70CF6A}.Release|Any CPU.ActiveCfg = Release|Any CPU
		{6EB6937B-FB12-4E74-9276-C5DDBA70CF6A}.Release|Any CPU.Build.0 = Release|Any CPU
	EndGlobalSection
	GlobalSection(SolutionProperties) = preSolution
		HideSolutionNode = FALSE
	EndGlobalSection
	GlobalSection(ExtensibilityGlobals) = postSolution
		SolutionGuid = {6CC5238E-6537-4F8D-8F61-C46FFBBD24D8}
	EndGlobalSection
EndGlobal
